
Microsoft Visual Studio Solution File, Format Version 12.00
# Visual Studio Version 17
VisualStudioVersion = 17.14.36717.8
MinimumVisualStudioVersion = 10.0.40219.1
Project("{FAE04EC0-301F-11D3-BF4B-00C04F79EFBC}") = "FastFoodOrderingSystem", "FastFoodOrderingSystem.csproj", "{00B05FAB-B0CB-4A38-870E-D0330536025C}"
EndProject
Global
	GlobalSection(SolutionConfigurationPlatforms) = preSolution
		Debug|Any CPU = Debug|Any CPU
		Release|Any CPU = Release|Any CPU
	EndGlobalSection
	GlobalSection(ProjectConfigurationPlatforms) = postSolution
		{00B05FAB-B0CB-4A38-870E-D0330536025C}.Debug|Any CPU.ActiveCfg = Debug|Any CPU
		{00B05FAB-B0CB-4A38-870E-D0330536025C}.Debug|Any CPU.Build.0 = Debug|Any CPU
		{00B05FAB-B0CB-4A38-870E-D0330536025C}.Release|Any CPU.ActiveCfg = Release|Any CPU
		{00B05FAB-B0CB-4A38-870E-D0330536025C}.Release|Any CPU.Build.0 = Release|Any CPU
	EndGlobalSection
	GlobalSection(SolutionProperties) = preSolution
		HideSolutionNode = FALSE
	EndGlobalSection
	GlobalSection(ExtensibilityGlobals) = postSolution
		SolutionGuid = {C92A0D26-C615-4036-A2F2-741A13E899EE}
	EndGlobalSection
EndGlobal
